DEPENDENCIES
  app
    path: chef/cookbooks/app
  build-essential (~> 6.0.5)
  composer (~> 2.6.1)
  ntp (~> 3.0.0)
  phing (~> 0.0.3)
  phpunit (~> 1.1.0)
  timezone_iii (~> 1.0.4)
  yum-epel (~> 1.0.1)

GRAPH
  apache2 (2.0.0)
    iptables (>= 0.0.0)
    logrotate (>= 0.0.0)
    pacman (>= 0.0.0)
  app (0.0.1)
    apache2 (~> 2.0.0)
    database (~> 5.1.2)
    mysql (~> 8.2.0)
    mysql2_chef_gem (~> 2.0.1)
    nodejs (2.4.4)
    php (~> 4.2.0)
    selinux (~> 2.0.3)
    yum-ius (~> 0.4.5)
    yum-mysql-community (~> 1.0.0)
  apt (6.1.2)
  ark (3.1.0)
    build-essential (>= 0.0.0)
    seven_zip (>= 0.0.0)
    windows (>= 0.0.0)
  build-essential (6.0.6)
    compat_resource (>= 12.14)
    mingw (>= 1.1)
    seven_zip (>= 0.0.0)
  compat_resource (12.19.0)
  composer (2.6.1)
    apt (>= 0.0.0)
    php (>= 0.0.0)
    windows (>= 0.0.0)
  database (5.1.2)
    postgresql (>= 1.0.0)
  dmg (4.0.0)
  git (6.1.0)
    build-essential (>= 0.0.0)
    dmg (>= 0.0.0)
    yum-epel (>= 0.0.0)
  homebrew (4.2.0)
  inifile_chef_gem (0.1.0)
    build-essential (>= 0.0.0)
  iptables (4.2.0)
  logrotate (2.2.0)
  mariadb (1.5.1)
    apt (>= 0.0.0)
    build-essential (>= 0.0.0)
    selinux_policy (~> 2.0)
    yum (>= 0.0.0)
    yum-epel (>= 0.0.0)
    yum-scl (>= 0.0.0)
  mingw (2.0.1)
    seven_zip (>= 0.0.0)
  mysql (8.2.0)
  mysql2_chef_gem (2.0.1)
    build-essential (>= 2.4.0)
    mariadb (>= 0.0.0)
    mysql (>= 8.2.0)
  nodejs (2.4.4)
    apt (>= 0.0.0)
    ark (>= 0.0.0)
    build-essential (>= 0.0.0)
    homebrew (>= 0.0.0)
    yum-epel (>= 0.0.0)
  ntp (3.0.0)
    windows (>= 1.38.0)
  ohai (5.1.0)
  openssl (7.1.0)
  pacman (1.1.1)
  phing (0.0.3)
    composer (>= 0.0.0)
    php (>= 0.0.0)
  php (4.2.0)
    build-essential (>= 0.0.0)
    mysql (>= 6.0.0)
    xml (>= 0.0.0)
    yum-epel (>= 0.0.0)
  phpunit (1.1.0)
    composer (>= 0.0.0)
    git (>= 0.0.0)
    php (>= 0.0.0)
  postgresql (6.1.1)
    build-essential (>= 2.0.0)
    compat_resource (>= 12.16.3)
    openssl (>= 4.0)
  selinux (2.0.3)
  selinux_policy (2.0.1)
    compat_resource (>= 12.16.3)
  seven_zip (2.0.2)
    windows (>= 1.2.2)
  timezone_iii (1.0.4)
  windows (3.1.1)
    ohai (>= 4.0.0)
  xml (3.1.2)
    build-essential (>= 0.0.0)
  yum (3.13.0)
  yum-epel (1.0.2)
    yum (>= 3.6)
  yum-ius (0.4.6)
    yum (~> 3.2)
    yum-epel (>= 0.0.0)
  yum-mysql-community (1.0.0)
    yum (>= 3.2)
  yum-scl (0.2.0)
    inifile_chef_gem (>= 0.0.0)
    yum (>= 0.0.0)
